STORAGE: NONE
RESTRICTION: || (== net10.0) (== net6.0) (== net7.0) (== net8.0) (== net9.0)
NUGET
  remote: https://api.nuget.org/v3/index.json
    Azure.Core (1.52) - restriction: || (== net10.0) (&& (== net6.0) (>= net462)) (&& (== net6.0) (>= net8.0)) (&& (== net7.0) (>= net462)) (&& (== net7.0) (>= net8.0)) (== net8.0) (== net9.0)
      Microsoft.Bcl.AsyncInterfaces (>= 10.0.3)
      System.ClientModel (>= 1.10)
      System.Diagnostics.DiagnosticSource (>= 10.0.3) - restriction: || (&& (== net10.0) (>= net462)) (&& (== net10.0) (< net8.0)) (== net6.0) (== net7.0) (== net8.0) (== net9.0)
      System.Memory.Data (>= 10.0.3)
      System.Text.Encodings.Web (>= 10.0.3) - restriction: || (&& (== net10.0) (>= net462)) (&& (== net10.0) (< net8.0)) (== net6.0) (== net7.0) (== net8.0) (== net9.0)
      System.Text.Json (>= 10.0.3) - restriction: || (&& (== net10.0) (>= net462)) (&& (== net10.0) (< net8.0)) (== net6.0) (== net7.0) (== net8.0) (== net9.0)
    Azure.Monitor.OpenTelemetry.Exporter (1.7) - restriction: || (== net10.0) (&& (== net6.0) (>= net462)) (&& (== net6.0) (>= net8.0)) (&& (== net7.0) (>= net462)) (&& (== net7.0) (>= net8.0)) (== net8.0) (== net9.0)
      Azure.Core (>= 1.52)
      OpenTelemetry.Extensions.Hosting (>= 1.15.1)
      OpenTelemetry.PersistentStorage.FileSystem (>= 1.0.2)
    coverlet.collector (8.0.1)
    Dapper (2.1.72)
      Microsoft.Bcl.AsyncInterfaces (>= 9.0.1) - restriction: || (&& (== net10.0) (>= net461)) (&& (== net10.0) (< net8.0)) (== net6.0) (== net7.0) (&& (== net8.0) (>= net461)) (&& (== net9.0) (>= net461)) (&& (== net9.0) (< net8.0))
      System.Reflection.Emit.Lightweight (>= 4.7) - restriction: || (&& (== net10.0) (< net8.0)) (== net6.0) (== net7.0) (&& (== net9.0) (< net8.0))
    FSharp.Core (10.1.201)
    Google.Protobuf (3.26)
    K4os.Compression.LZ4 (1.3.8)
    K4os.Compression.LZ4.Streams (1.3.8)
      K4os.Compression.LZ4 (>= 1.3.8)
      K4os.Hash.xxHash (>= 1.0.8)
      System.IO.Pipelines (>= 6.0.3)
    K4os.Hash.xxHash (1.0.8)
    Microsoft.ApplicationInsights (3.0) - restriction: || (== net10.0) (&& (== net6.0) (>= net462)) (&& (== net6.0) (>= net8.0)) (&& (== net7.0) (>= net462)) (&& (== net7.0) (>= net8.0)) (== net8.0) (== net9.0)
      Azure.Monitor.OpenTelemetry.Exporter (>= 1.6) - restriction: || (== net10.0) (&& (== net6.0) (>= net462)) (&& (== net6.0) (>= net8.0)) (&& (== net7.0) (>= net462)) (&& (== net7.0) (>= net8.0)) (== net8.0) (== net9.0)
    Microsoft.Bcl.AsyncInterfaces (10.0.5)
    Microsoft.Bcl.Cryptography (10.0.5)
      System.Formats.Asn1 (>= 10.0.5) - restriction: || (&& (== net10.0) (>= net462)) (&& (== net10.0) (< net8.0)) (&& (== net10.0) (< net9.0)) (&& (== net10.0) (< netstandard2.1)) (== net6.0) (== net7.0) (== net8.0) (&& (== net9.0) (>= net462)) (&& (== net9.0) (< net8.0)) (&& (== net9.0) (< netstandard2.1))
      System.Runtime.CompilerServices.Unsafe (>= 6.1.2) - restriction: || (&& (== net10.0) (>= net462)) (&& (== net10.0) (< net8.0)) (&& (== net10.0) (< netstandard2.1)) (== net6.0) (== net7.0) (&& (== net8.0) (>= net462)) (&& (== net8.0) (< netstandard2.1)) (&& (== net9.0) (>= net462)) (&& (== net9.0) (< net8.0)) (&& (== net9.0) (< netstandard2.1))
    Microsoft.Bcl.TimeProvider (10.0.5) - restriction: || (&& (== net10.0) (>= net462)) (&& (== net10.0) (< net6.0)) (&& (== net10.0) (< net8.0)) (== net6.0) (== net7.0) (&& (== net8.0) (>= net462)) (&& (== net8.0) (< net6.0)) (&& (== net9.0) (>= net462)) (&& (== net9.0) (< net6.0)) (&& (== net9.0) (< net8.0))
      Microsoft.Bcl.AsyncInterfaces (>= 10.0.5) - restriction: || (&& (== net10.0) (>= net462)) (&& (== net10.0) (< net8.0)) (== net6.0) (== net7.0) (&& (== net8.0) (>= net462)) (&& (== net9.0) (>= net462)) (&& (== net9.0) (< net8.0))
    Microsoft.Build.Tasks.Git (10.0.201) - copy_local: true, restriction: || (== net10.0) (&& (== net6.0) (>= net472)) (&& (== net6.0) (>= net8.0)) (&& (== net7.0) (>= net472)) (&& (== net7.0) (>= net8.0)) (== net8.0) (== net9.0)
      System.IO.Hashing (>= 10.0.5) - restriction: || (== net10.0) (&& (== net6.0) (>= net472)) (&& (== net6.0) (>= net8.0)) (&& (== net7.0) (>= net472)) (&& (== net7.0) (>= net8.0)) (== net8.0) (== net9.0)
    Microsoft.CodeCoverage (18.3) - restriction: || (== net10.0) (&& (== net6.0) (>= net462)) (&& (== net6.0) (>= net8.0)) (&& (== net7.0) (>= net462)) (&& (== net7.0) (>= net8.0)) (== net8.0) (== net9.0)
    Microsoft.Data.SqlClient (7.0)
      Microsoft.Bcl.Cryptography (>= 8.0) - restriction: || (&& (== net10.0) (>= net462)) (&& (== net10.0) (< net8.0)) (&& (== net10.0) (< net9.0)) (== net6.0) (== net7.0) (== net8.0) (&& (== net9.0) (>= net462)) (&& (== net9.0) (< net8.0))
      Microsoft.Bcl.Cryptography (>= 9.0.13) - restriction: || (== net10.0) (&& (== net6.0) (>= net9.0)) (&& (== net7.0) (>= net9.0)) (&& (== net8.0) (>= net9.0)) (== net9.0)
      Microsoft.Data.SqlClient.Extensions.Abstractions (>= 1.0)
      Microsoft.Data.SqlClient.Internal.Logging (>= 1.0)
      Microsoft.Data.SqlClient.SNI.runtime (>= 6.0.2)
      Microsoft.Extensions.Caching.Memory (>= 8.0.1) - restriction: || (&& (== net10.0) (>= net462)) (&& (== net10.0) (< net8.0)) (&& (== net10.0) (< net9.0)) (== net6.0) (== net7.0) (== net8.0) (&& (== net9.0) (>= net462)) (&& (== net9.0) (< net8.0))
      Microsoft.Extensions.Caching.Memory (>= 9.0.13) - restriction: || (== net10.0) (&& (== net6.0) (>= net9.0)) (&& (== net7.0) (>= net9.0)) (&& (== net8.0) (>= net9.0)) (== net9.0)
      Microsoft.IdentityModel.JsonWebTokens (>= 8.16)
      Microsoft.IdentityModel.Protocols.OpenIdConnect (>= 8.16)
      Microsoft.SqlServer.Server (>= 1.0)
      System.Configuration.ConfigurationManager (>= 8.0.1) - restriction: || (&& (== net10.0) (< net8.0)) (&& (== net10.0) (< net9.0)) (== net6.0) (== net7.0) (== net8.0) (&& (== net9.0) (< net8.0))
      System.Configuration.ConfigurationManager (>= 9.0.13) - restriction: || (== net10.0) (&& (== net6.0) (>= net9.0)) (&& (== net7.0) (>= net9.0)) (&& (== net8.0) (>= net9.0)) (== net9.0)
      System.Security.Cryptography.Pkcs (>= 8.0.1) - restriction: || (&& (== net10.0) (>= net462)) (&& (== net10.0) (< net8.0)) (&& (== net10.0) (< net9.0)) (== net6.0) (== net7.0) (== net8.0) (&& (== net9.0) (>= net462)) (&& (== net9.0) (< net8.0))
      System.Security.Cryptography.Pkcs (>= 9.0.13) - restriction: || (== net10.0) (&& (== net6.0) (>= net9.0)) (&& (== net7.0) (>= net9.0)) (&& (== net8.0) (>= net9.0)) (== net9.0)
      System.Text.Json (>= 10.0.3) - restriction: || (&& (== net10.0) (>= net462)) (&& (== net10.0) (< net8.0)) (== net6.0) (== net7.0) (&& (== net8.0) (>= net462)) (&& (== net9.0) (>= net462)) (&& (== net9.0) (< net8.0))
      System.Threading.Channels (>= 10.0.3) - restriction: || (&& (== net10.0) (>= net462)) (&& (== net10.0) (< net8.0)) (== net6.0) (== net7.0) (&& (== net8.0) (>= net462)) (&& (== net9.0) (>= net462)) (&& (== net9.0) (< net8.0))
    Microsoft.Data.SqlClient.Extensions.Abstractions (1.0)
      Microsoft.Data.SqlClient.Internal.Logging (>= 1.0)
    Microsoft.Data.SqlClient.Internal.Logging (1.0)
    Microsoft.Data.SqlClient.SNI.runtime (6.0.2)
    Microsoft.Data.Sqlite (10.0.5)
      Microsoft.Data.Sqlite.Core (>= 10.0.5)
      SQLitePCLRaw.bundle_e_sqlite3 (>= 2.1.11)
      SQLitePCLRaw.core (>= 2.1.11)
    Microsoft.Data.Sqlite.Core (10.0.5)
      SQLitePCLRaw.core (>= 2.1.11)
    Microsoft.Extensions.Caching.Abstractions (10.0.5)
      Microsoft.Extensions.Primitives (>= 10.0.5)
      System.Threading.Tasks.Extensions (>= 4.6.3) - restriction: || (&& (== net10.0) (>= net462)) (&& (== net10.0) (< net8.0)) (== net6.0) (== net7.0) (&& (== net8.0) (>= net462)) (&& (== net9.0) (>= net462)) (&& (== net9.0) (< net8.0))
    Microsoft.Extensions.Caching.Memory (10.0.5)
      Microsoft.Extensions.Caching.Abstractions (>= 10.0.5)
      Microsoft.Extensions.DependencyInjection.Abstractions (>= 10.0.5)
      Microsoft.Extensions.Logging.Abstractions (>= 10.0.5)
      Microsoft.Extensions.Options (>= 10.0.5)
      Microsoft.Extensions.Primitives (>= 10.0.5)
    Microsoft.Extensions.Configuration (10.0.5)
      Microsoft.Extensions.Configuration.Abstractions (>= 10.0.5)
      Microsoft.Extensions.Primitives (>= 10.0.5)
    Microsoft.Extensions.Configuration.Abstractions (10.0.5)
      Microsoft.Extensions.Primitives (>= 10.0.5)
    Microsoft.Extensions.Configuration.Binder (10.0.5) - restriction: || (== net10.0) (&& (== net6.0) (>= net462)) (&& (== net6.0) (>= net8.0)) (&& (== net7.0) (>= net462)) (&& (== net7.0) (>= net8.0)) (== net8.0) (== net9.0)
      Microsoft.Extensions.Configuration (>= 10.0.5)
      Microsoft.Extensions.Configuration.Abstractions (>= 10.0.5)
    Microsoft.Extensions.Configuration.FileExtensions (10.0.5)
      Microsoft.Extensions.Configuration (>= 10.0.5)
      Microsoft.Extensions.Configuration.Abstractions (>= 10.0.5)
      Microsoft.Extensions.FileProviders.Abstractions (>= 10.0.5)
      Microsoft.Extensions.FileProviders.Physical (>= 10.0.5)
      Microsoft.Extensions.Primitives (>= 10.0.5)
    Microsoft.Extensions.Configuration.Json (10.0.5)
      Microsoft.Extensions.Configuration (>= 10.0.5)
      Microsoft.Extensions.Configuration.Abstractions (>= 10.0.5)
      Microsoft.Extensions.Configuration.FileExtensions (>= 10.0.5)
      Microsoft.Extensions.FileProviders.Abstractions (>= 10.0.5)
      System.Text.Json (>= 10.0.5) - restriction: || (&& (== net10.0) (>= net462)) (&& (== net10.0) (< net8.0)) (&& (== net10.0) (< net9.0)) (&& (== net10.0) (< netstandard2.1)) (== net6.0) (== net7.0) (== net8.0) (== net9.0)
    Microsoft.Extensions.DependencyInjection (10.0.5) - restriction: || (== net10.0) (&& (== net6.0) (>= net462)) (&& (== net6.0) (>= net8.0)) (&& (== net7.0) (>= net462)) (&& (== net7.0) (>= net8.0)) (== net8.0) (== net9.0)
      Microsoft.Extensions.DependencyInjection.Abstractions (>= 10.0.5)
    Microsoft.Extensions.DependencyInjection.Abstractions (10.0.5)
    Microsoft.Extensions.DependencyModel (10.0.5) - restriction: || (== net10.0) (&& (== net6.0) (>= net8.0)) (&& (== net7.0) (>= net8.0)) (== net8.0) (== net9.0)
      System.Text.Encodings.Web (>= 10.0.5) - restriction: || (&& (== net10.0) (>= net462)) (&& (== net10.0) (< net8.0)) (&& (== net10.0) (< net9.0)) (== net6.0) (== net7.0) (== net8.0) (== net9.0)
      System.Text.Json (>= 10.0.5) - restriction: || (&& (== net10.0) (>= net462)) (&& (== net10.0) (< net8.0)) (&& (== net10.0) (< net9.0)) (== net6.0) (== net7.0) (== net8.0) (== net9.0)
    Microsoft.Extensions.Diagnostics.Abstractions (10.0.5) - restriction: || (== net10.0) (&& (== net6.0) (>= net462)) (&& (== net6.0) (>= net8.0)) (&& (== net7.0) (>= net462)) (&& (== net7.0) (>= net8.0)) (== net8.0) (== net9.0)
      Microsoft.Extensions.DependencyInjection.Abstractions (>= 10.0.5)
      Microsoft.Extensions.Options (>= 10.0.5)
      System.Diagnostics.DiagnosticSource (>= 10.0.5) - restriction: || (&& (== net10.0) (>= net462)) (&& (== net10.0) (< net8.0)) (&& (== net10.0) (< net9.0)) (== net6.0) (== net7.0) (== net8.0) (== net9.0)
    Microsoft.Extensions.FileProviders.Abstractions (10.0.5)
      Microsoft.Extensions.Primitives (>= 10.0.5)
    Microsoft.Extensions.FileProviders.Physical (10.0.5)
      Microsoft.Extensions.FileProviders.Abstractions (>= 10.0.5)
      Microsoft.Extensions.FileSystemGlobbing (>= 10.0.5)
      Microsoft.Extensions.Primitives (>= 10.0.5)
    Microsoft.Extensions.FileSystemGlobbing (10.0.5)
    Microsoft.Extensions.Hosting.Abstractions (10.0.5) - restriction: || (== net10.0) (&& (== net6.0) (>= net462)) (&& (== net6.0) (>= net8.0)) (&& (== net7.0) (>= net462)) (&& (== net7.0) (>= net8.0)) (== net8.0) (== net9.0)
      Microsoft.Extensions.Configuration.Abstractions (>= 10.0.5)
      Microsoft.Extensions.DependencyInjection.Abstractions (>= 10.0.5)
      Microsoft.Extensions.Diagnostics.Abstractions (>= 10.0.5)
      Microsoft.Extensions.FileProviders.Abstractions (>= 10.0.5)
      Microsoft.Extensions.Logging.Abstractions (>= 10.0.5)
    Microsoft.Extensions.Logging (10.0.5) - restriction: || (== net10.0) (&& (== net6.0) (>= net462)) (&& (== net6.0) (>= net8.0)) (&& (== net7.0) (>= net462)) (&& (== net7.0) (>= net8.0)) (== net8.0) (== net9.0)
      Microsoft.Extensions.DependencyInjection (>= 10.0.5)
      Microsoft.Extensions.Logging.Abstractions (>= 10.0.5)
      Microsoft.Extensions.Options (>= 10.0.5)
    Microsoft.Extensions.Logging.Abstractions (10.0.5)
      Microsoft.Extensions.DependencyInjection.Abstractions (>= 10.0.5)
      System.Diagnostics.DiagnosticSource (>= 10.0.5) - restriction: || (&& (== net10.0) (>= net462)) (&& (== net10.0) (< net8.0)) (&& (== net10.0) (< net9.0)) (== net6.0) (== net7.0) (== net8.0) (== net9.0)
    Microsoft.Extensions.Logging.Configuration (10.0.5) - restriction: || (== net10.0) (&& (== net6.0) (>= net462)) (&& (== net6.0) (>= net8.0)) (&& (== net7.0) (>= net462)) (&& (== net7.0) (>= net8.0)) (== net8.0) (== net9.0)
      Microsoft.Extensions.Configuration (>= 10.0.5)
      Microsoft.Extensions.Configuration.Abstractions (>= 10.0.5)
      Microsoft.Extensions.Configuration.Binder (>= 10.0.5)
      Microsoft.Extensions.DependencyInjection.Abstractions (>= 10.0.5)
      Microsoft.Extensions.Logging (>= 10.0.5)
      Microsoft.Extensions.Logging.Abstractions (>= 10.0.5)
      Microsoft.Extensions.Options (>= 10.0.5)
      Microsoft.Extensions.Options.ConfigurationExtensions (>= 10.0.5)
    Microsoft.Extensions.Options (10.0.5)
      Microsoft.Extensions.DependencyInjection.Abstractions (>= 10.0.5)
      Microsoft.Extensions.Primitives (>= 10.0.5)
      System.ComponentModel.Annotations (>= 5.0) - restriction: || (&& (== net10.0) (< net8.0)) (&& (== net10.0) (< netstandard2.1)) (== net6.0) (== net7.0) (&& (== net8.0) (< netstandard2.1)) (&& (== net9.0) (< net8.0)) (&& (== net9.0) (< netstandard2.1))
    Microsoft.Extensions.Options.ConfigurationExtensions (10.0.5) - restriction: || (== net10.0) (&& (== net6.0) (>= net462)) (&& (== net6.0) (>= net8.0)) (&& (== net7.0) (>= net462)) (&& (== net7.0) (>= net8.0)) (== net8.0) (== net9.0)
      Microsoft.Extensions.Configuration.Abstractions (>= 10.0.5)
      Microsoft.Extensions.Configuration.Binder (>= 10.0.5)
      Microsoft.Extensions.DependencyInjection.Abstractions (>= 10.0.5)
      Microsoft.Extensions.Options (>= 10.0.5)
      Microsoft.Extensions.Primitives (>= 10.0.5)
    Microsoft.Extensions.Primitives (10.0.5)
      System.Memory (>= 4.6.3) - restriction: || (&& (== net10.0) (>= net462)) (&& (== net10.0) (< net8.0)) (== net6.0) (== net7.0) (&& (== net8.0) (>= net462)) (&& (== net9.0) (>= net462)) (&& (== net9.0) (< net8.0))
      System.Runtime.CompilerServices.Unsafe (>= 6.1.2) - restriction: || (&& (== net10.0) (>= net462)) (&& (== net10.0) (< net8.0)) (== net6.0) (== net7.0) (&& (== net8.0) (>= net462)) (&& (== net9.0) (>= net462)) (&& (== net9.0) (< net8.0))
    Microsoft.IdentityModel.Abstractions (8.17)
    Microsoft.IdentityModel.JsonWebTokens (8.17)
      Microsoft.Bcl.TimeProvider (>= 8.0.1) - restriction: || (&& (== net10.0) (>= net462)) (&& (== net10.0) (< net6.0)) (&& (== net10.0) (< net8.0)) (== net6.0) (== net7.0) (&& (== net8.0) (>= net462)) (&& (== net8.0) (< net6.0)) (&& (== net9.0) (>= net462)) (&& (== net9.0) (< net6.0)) (&& (== net9.0) (< net8.0))
      Microsoft.IdentityModel.Tokens (>= 8.17)
    Microsoft.IdentityModel.Logging (8.17)
      Microsoft.IdentityModel.Abstractions (>= 8.17)
    Microsoft.IdentityModel.Protocols (8.17)
      Microsoft.IdentityModel.Tokens (>= 8.17)
    Microsoft.IdentityModel.Protocols.OpenIdConnect (8.17)
      Microsoft.IdentityModel.Protocols (>= 8.17)
      System.IdentityModel.Tokens.Jwt (>= 8.17)
    Microsoft.IdentityModel.Tokens (8.17)
      Microsoft.Bcl.TimeProvider (>= 8.0.1) - restriction: || (&& (== net10.0) (>= net462)) (&& (== net10.0) (< net6.0)) (&& (== net10.0) (< net8.0)) (== net6.0) (== net7.0) (&& (== net8.0) (>= net462)) (&& (== net8.0) (< net6.0)) (&& (== net9.0) (>= net462)) (&& (== net9.0) (< net6.0)) (&& (== net9.0) (< net8.0))
      Microsoft.Extensions.Logging.Abstractions (>= 6.0) - restriction: || (&& (== net10.0) (>= net462)) (&& (== net10.0) (< net8.0)) (== net6.0) (== net7.0) (&& (== net8.0) (>= net462)) (&& (== net9.0) (>= net462)) (&& (== net9.0) (< net8.0))
      Microsoft.Extensions.Logging.Abstractions (>= 8.0) - restriction: || (== net10.0) (&& (== net6.0) (>= net8.0)) (&& (== net7.0) (>= net8.0)) (== net8.0) (== net9.0)
      Microsoft.IdentityModel.Logging (>= 8.17)
    Microsoft.NET.Test.Sdk (18.3)
      Microsoft.CodeCoverage (>= 18.3) - restriction: || (== net10.0) (&& (== net6.0) (>= net462)) (&& (== net6.0) (>= net8.0)) (&& (== net7.0) (>= net462)) (&& (== net7.0) (>= net8.0)) (== net8.0) (== net9.0)
      Microsoft.TestPlatform.TestHost (>= 18.3) - restriction: || (== net10.0) (&& (== net6.0) (>= net8.0)) (&& (== net7.0) (>= net8.0)) (== net8.0) (== net9.0)
    Microsoft.SourceLink.Common (10.0.201) - copy_local: true, restriction: || (== net10.0) (&& (== net6.0) (>= net472)) (&& (== net6.0) (>= net8.0)) (&& (== net7.0) (>= net472)) (&& (== net7.0) (>= net8.0)) (== net8.0) (== net9.0)
    Microsoft.SourceLink.GitHub (10.0.201) - copy_local: true
      Microsoft.Build.Tasks.Git (>= 10.0.201) - restriction: || (== net10.0) (&& (== net6.0) (>= net472)) (&& (== net6.0) (>= net8.0)) (&& (== net7.0) (>= net472)) (&& (== net7.0) (>= net8.0)) (== net8.0) (== net9.0)
      Microsoft.SourceLink.Common (>= 10.0.201) - restriction: || (== net10.0) (&& (== net6.0) (>= net472)) (&& (== net6.0) (>= net8.0)) (&& (== net7.0) (>= net472)) (&& (== net7.0) (>= net8.0)) (== net8.0) (== net9.0)
      System.IO.Hashing (>= 10.0.5) - restriction: || (== net10.0) (&& (== net6.0) (>= net472)) (&& (== net6.0) (>= net8.0)) (&& (== net7.0) (>= net472)) (&& (== net7.0) (>= net8.0)) (== net8.0) (== net9.0)
    Microsoft.SqlServer.Server (1.0)
    Microsoft.Testing.Extensions.Telemetry (2.1) - restriction: || (== net10.0) (&& (== net6.0) (>= net462)) (&& (== net6.0) (>= net8.0)) (&& (== net7.0) (>= net462)) (&& (== net7.0) (>= net8.0)) (== net8.0) (== net9.0)
      Microsoft.ApplicationInsights (>= 2.23)
      Microsoft.Testing.Platform (>= 2.1)
    Microsoft.Testing.Extensions.TrxReport.Abstractions (2.1) - restriction: || (== net10.0) (&& (== net6.0) (>= net462)) (&& (== net6.0) (>= net8.0)) (&& (== net7.0) (>= net462)) (&& (== net7.0) (>= net8.0)) (== net8.0) (== net9.0)
      Microsoft.Testing.Platform (>= 2.1)
    Microsoft.Testing.Extensions.VSTestBridge (2.1) - restriction: || (== net10.0) (&& (== net6.0) (>= net462)) (&& (== net6.0) (>= net8.0)) (&& (== net7.0) (>= net462)) (&& (== net7.0) (>= net8.0)) (== net8.0) (== net9.0)
      Microsoft.Testing.Extensions.Telemetry (>= 2.1)
      Microsoft.Testing.Extensions.TrxReport.Abstractions (>= 2.1)
      Microsoft.Testing.Platform (>= 2.1)
      Microsoft.TestPlatform.ObjectModel (>= 18.0.1)
    Microsoft.Testing.Platform (2.1) - restriction: || (== net10.0) (&& (== net6.0) (>= net462)) (&& (== net6.0) (>= net8.0)) (&& (== net7.0) (>= net462)) (&& (== net7.0) (>= net8.0)) (== net8.0) (== net9.0)
    Microsoft.Testing.Platform.MSBuild (2.1) - restriction: || (== net10.0) (&& (== net6.0) (>= net462)) (&& (== net6.0) (>= net8.0)) (&& (== net7.0) (>= net462)) (&& (== net7.0) (>= net8.0)) (== net8.0) (== net9.0)
      Microsoft.Testing.Platform (>= 2.1)
    Microsoft.TestPlatform.ObjectModel (18.3) - restriction: || (== net10.0) (&& (== net6.0) (>= net8.0)) (&& (== net7.0) (>= net8.0)) (== net8.0) (== net9.0)
      System.Reflection.Metadata (>= 8.0)
    Microsoft.TestPlatform.TestHost (18.3) - restriction: || (== net10.0) (&& (== net6.0) (>= net8.0)) (&& (== net7.0) (>= net8.0)) (== net8.0) (== net9.0)
      Microsoft.TestPlatform.ObjectModel (>= 18.3) - restriction: || (== net10.0) (&& (== net6.0) (>= net8.0)) (&& (== net7.0) (>= net8.0)) (== net8.0) (== net9.0)
      Newtonsoft.Json (>= 13.0.3) - restriction: || (== net10.0) (&& (== net6.0) (>= net8.0)) (&& (== net7.0) (>= net8.0)) (== net8.0) (== net9.0)
    MySql.Data (8.0.31)
      Google.Protobuf (>= 3.19.4)
      K4os.Compression.LZ4.Streams (>= 1.2.6)
      Portable.BouncyCastle (>= 1.9)
      System.Buffers (>= 4.5.1)
      System.Configuration.ConfigurationManager (>= 4.4.1)
      System.Runtime.CompilerServices.Unsafe (>= 5.0)
      System.Security.Permissions (>= 4.7)
      System.Text.Encoding.CodePages (>= 4.4)
    Newtonsoft.Json (13.0.3) - restriction: || (== net10.0) (&& (== net6.0) (>= net8.0)) (&& (== net7.0) (>= net8.0)) (== net8.0) (== net9.0)
    Npgsql (10.0.2)
      Microsoft.Extensions.Logging.Abstractions (>= 8.0) - restriction: || (&& (== net10.0) (< net9.0)) (&& (== net6.0) (>= net8.0)) (&& (== net7.0) (>= net8.0)) (== net8.0)
      Microsoft.Extensions.Logging.Abstractions (>= 9.0) - restriction: || (&& (== net6.0) (>= net9.0)) (&& (== net7.0) (>= net9.0)) (&& (== net8.0) (>= net9.0)) (== net9.0)
      Microsoft.Extensions.Logging.Abstractions (>= 10.0) - restriction: || (== net10.0) (&& (== net6.0) (>= net10.0)) (&& (== net7.0) (>= net10.0)) (&& (== net8.0) (>= net10.0)) (&& (== net9.0) (>= net10.0))
      System.Diagnostics.DiagnosticSource (>= 9.0.11) - restriction: || (&& (== net10.0) (< net9.0)) (&& (== net6.0) (>= net8.0)) (&& (== net7.0) (>= net8.0)) (== net8.0)
    NUnit (4.5.1)
    NUnit3TestAdapter (6.2)
      Microsoft.Extensions.DependencyModel (>= 8.0.2) - restriction: || (== net10.0) (&& (== net6.0) (>= net8.0)) (&& (== net7.0) (>= net8.0)) (== net8.0) (== net9.0)
      Microsoft.Testing.Extensions.VSTestBridge (>= 2.1) - restriction: || (== net10.0) (&& (== net6.0) (>= net462)) (&& (== net6.0) (>= net8.0)) (&& (== net7.0) (>= net462)) (&& (== net7.0) (>= net8.0)) (== net8.0) (== net9.0)
      Microsoft.Testing.Platform.MSBuild (>= 2.1) - restriction: || (== net10.0) (&& (== net6.0) (>= net462)) (&& (== net6.0) (>= net8.0)) (&& (== net7.0) (>= net462)) (&& (== net7.0) (>= net8.0)) (== net8.0) (== net9.0)
    OpenTelemetry (1.15.1) - restriction: || (== net10.0) (&& (== net6.0) (>= net462)) (&& (== net6.0) (>= net8.0)) (&& (== net7.0) (>= net462)) (&& (== net7.0) (>= net8.0)) (== net8.0) (== net9.0)
      Microsoft.Extensions.Diagnostics.Abstractions (>= 8.0) - restriction: || (&& (== net10.0) (< net9.0)) (&& (== net6.0) (>= net8.0)) (&& (== net7.0) (>= net8.0)) (== net8.0)
      Microsoft.Extensions.Diagnostics.Abstractions (>= 9.0) - restriction: || (&& (== net6.0) (>= net9.0)) (&& (== net7.0) (>= net9.0)) (&& (== net8.0) (>= net9.0)) (== net9.0)
      Microsoft.Extensions.Diagnostics.Abstractions (>= 10.0) - restriction: || (== net10.0) (== net6.0) (== net7.0) (&& (== net8.0) (>= net10.0)) (&& (== net8.0) (>= net462)) (&& (== net8.0) (< netstandard2.1)) (&& (== net9.0) (>= net10.0)) (&& (== net9.0) (>= net462)) (&& (== net9.0) (< net8.0)) (&& (== net9.0) (< netstandard2.1))
      Microsoft.Extensions.Logging.Configuration (>= 8.0) - restriction: || (&& (== net10.0) (< net9.0)) (&& (== net6.0) (>= net8.0)) (&& (== net7.0) (>= net8.0)) (== net8.0)
      Microsoft.Extensions.Logging.Configuration (>= 9.0) - restriction: || (&& (== net6.0) (>= net9.0)) (&& (== net7.0) (>= net9.0)) (&& (== net8.0) (>= net9.0)) (== net9.0)
      Microsoft.Extensions.Logging.Configuration (>= 10.0) - restriction: || (== net10.0) (== net6.0) (== net7.0) (&& (== net8.0) (>= net10.0)) (&& (== net8.0) (>= net462)) (&& (== net8.0) (< netstandard2.1)) (&& (== net9.0) (>= net10.0)) (&& (== net9.0) (>= net462)) (&& (== net9.0) (< net8.0)) (&& (== net9.0) (< netstandard2.1))
      OpenTelemetry.Api.ProviderBuilderExtensions (>= 1.15.1)
    OpenTelemetry.Api (1.15.1) - restriction: || (== net10.0) (&& (== net6.0) (>= net462)) (&& (== net6.0) (>= net8.0)) (&& (== net7.0) (>= net462)) (&& (== net7.0) (>= net8.0)) (== net8.0) (== net9.0)
      System.Diagnostics.DiagnosticSource (>= 10.0) - restriction: || (&& (== net10.0) (>= net462)) (&& (== net10.0) (< net8.0)) (&& (== net10.0) (< net9.0)) (== net6.0) (== net7.0) (== net8.0) (== net9.0)
    OpenTelemetry.Api.ProviderBuilderExtensions (1.15.1) - restriction: || (== net10.0) (&& (== net6.0) (>= net462)) (&& (== net6.0) (>= net8.0)) (&& (== net7.0) (>= net462)) (&& (== net7.0) (>= net8.0)) (== net8.0) (== net9.0)
      Microsoft.Extensions.DependencyInjection.Abstractions (>= 8.0) - restriction: || (&& (== net10.0) (< net9.0)) (&& (== net6.0) (>= net8.0)) (&& (== net7.0) (>= net8.0)) (== net8.0)
      Microsoft.Extensions.DependencyInjection.Abstractions (>= 9.0) - restriction: || (&& (== net6.0) (>= net9.0)) (&& (== net7.0) (>= net9.0)) (&& (== net8.0) (>= net9.0)) (== net9.0)
      Microsoft.Extensions.DependencyInjection.Abstractions (>= 10.0) - restriction: || (== net10.0) (== net6.0) (== net7.0) (&& (== net8.0) (>= net10.0)) (&& (== net8.0) (>= net462)) (&& (== net9.0) (>= net10.0)) (&& (== net9.0) (>= net462)) (&& (== net9.0) (< net8.0))
      OpenTelemetry.Api (>= 1.15.1)
    OpenTelemetry.Extensions.Hosting (1.15.1) - restriction: || (== net10.0) (&& (== net6.0) (>= net462)) (&& (== net6.0) (>= net8.0)) (&& (== net7.0) (>= net462)) (&& (== net7.0) (>= net8.0)) (== net8.0) (== net9.0)
      Microsoft.Extensions.Hosting.Abstractions (>= 8.0) - restriction: || (&& (== net10.0) (< net9.0)) (&& (== net6.0) (>= net8.0)) (&& (== net7.0) (>= net8.0)) (== net8.0)
      Microsoft.Extensions.Hosting.Abstractions (>= 9.0) - restriction: || (&& (== net6.0) (>= net9.0)) (&& (== net7.0) (>= net9.0)) (&& (== net8.0) (>= net9.0)) (== net9.0)
      Microsoft.Extensions.Hosting.Abstractions (>= 10.0) - restriction: || (== net10.0) (== net6.0) (== net7.0) (&& (== net8.0) (>= net10.0)) (&& (== net8.0) (>= net462)) (&& (== net9.0) (>= net10.0)) (&& (== net9.0) (>= net462)) (&& (== net9.0) (< net8.0))
      OpenTelemetry (>= 1.15.1)
    OpenTelemetry.PersistentStorage.Abstractions (1.0.2) - restriction: || (== net10.0) (&& (== net6.0) (>= net462)) (&& (== net6.0) (>= net8.0)) (&& (== net7.0) (>= net462)) (&& (== net7.0) (>= net8.0)) (== net8.0) (== net9.0)
    OpenTelemetry.PersistentStorage.FileSystem (1.0.2) - restriction: || (== net10.0) (&& (== net6.0) (>= net462)) (&& (== net6.0) (>= net8.0)) (&& (== net7.0) (>= net462)) (&& (== net7.0) (>= net8.0)) (== net8.0) (== net9.0)
      OpenTelemetry.PersistentStorage.Abstractions (>= 1.0.2)
    Portable.BouncyCastle (1.9)
    SourceGear.sqlite3 (3.50.4.5)
    SQLitePCLRaw.bundle_e_sqlite3 (3.0.2)
      SourceGear.sqlite3 (>= 3.50.4.2)
      SQLitePCLRaw.config.e_sqlite3 (>= 3.0.2)
    SQLitePCLRaw.config.e_sqlite3 (3.0.2)
      SQLitePCLRaw.provider.e_sqlite3 (>= 3.0.2)
    SQLitePCLRaw.core (3.0.2)
      System.Memory (>= 4.6.3)
    SQLitePCLRaw.provider.e_sqlite3 (3.0.2)
      SQLitePCLRaw.core (>= 3.0.2)
    System.Buffers (4.6.1)
    System.ClientModel (1.10) - restriction: || (== net10.0) (&& (== net6.0) (>= net462)) (&& (== net6.0) (>= net8.0)) (&& (== net7.0) (>= net462)) (&& (== net7.0) (>= net8.0)) (== net8.0) (== net9.0)
      Microsoft.Extensions.Configuration.Abstractions (>= 10.0.3)
      Microsoft.Extensions.Hosting.Abstractions (>= 10.0.3)
      Microsoft.Extensions.Logging.Abstractions (>= 10.0.3)
      System.Diagnostics.DiagnosticSource (>= 10.0.3) - restriction: || (&& (== net10.0) (< net8.0)) (&& (== net10.0) (< net9.0)) (== net6.0) (== net7.0) (== net8.0) (== net9.0)
      System.Memory.Data (>= 10.0.3)
      System.Text.Json (>= 10.0.3) - restriction: || (&& (== net10.0) (< net8.0)) (&& (== net10.0) (< net9.0)) (== net6.0) (== net7.0) (== net8.0) (== net9.0)
    System.Collections.Immutable (8.0) - restriction: || (== net10.0) (&& (== net6.0) (>= net8.0)) (&& (== net7.0) (>= net8.0)) (== net8.0) (== net9.0)
    System.ComponentModel.Annotations (5.0) - restriction: || (&& (== net10.0) (< net8.0)) (&& (== net10.0) (< netstandard2.1)) (== net6.0) (== net7.0) (&& (== net8.0) (< netstandard2.1)) (&& (== net9.0) (< net8.0)) (&& (== net9.0) (< netstandard2.1))
    System.Configuration.ConfigurationManager (10.0.5)
      System.Diagnostics.EventLog (>= 10.0.5) - restriction: || (== net10.0) (&& (== net6.0) (>= net8.0)) (&& (== net7.0) (>= net8.0)) (== net8.0) (== net9.0)
      System.Security.Cryptography.ProtectedData (>= 10.0.5)
    System.Diagnostics.DiagnosticSource (10.0.5) - restriction: || (&& (== net10.0) (== net6.0)) (&& (== net10.0) (== net7.0)) (&& (== net10.0) (>= net462)) (&& (== net10.0) (< net8.0)) (&& (== net10.0) (< net9.0)) (&& (== net6.0) (>= net8.0)) (&& (== net6.0) (>= net9.0)) (&& (== net7.0) (>= net8.0)) (&& (== net7.0) (>= net9.0)) (== net8.0) (== net9.0)
    System.Diagnostics.EventLog (10.0.5) - restriction: || (== net10.0) (&& (== net6.0) (>= net8.0)) (&& (== net7.0) (>= net8.0)) (== net8.0) (== net9.0)
    System.Formats.Asn1 (10.0.5) - restriction: || (&& (== net10.0) (>= net462)) (&& (== net10.0) (< net8.0)) (&& (== net10.0) (< net9.0)) (&& (== net10.0) (< netstandard2.1)) (== net6.0) (== net7.0) (== net8.0) (== net9.0)
      System.Memory (>= 4.6.3) - restriction: || (&& (== net10.0) (>= net462)) (&& (== net10.0) (< net8.0)) (== net6.0) (== net7.0) (&& (== net8.0) (>= net462)) (&& (== net9.0) (>= net462)) (&& (== net9.0) (< net8.0))
    System.IdentityModel.Tokens.Jwt (8.17)
      Microsoft.IdentityModel.JsonWebTokens (>= 8.17)
      Microsoft.IdentityModel.Tokens (>= 8.17)
    System.IO.Hashing (10.0.5) - copy_local: true, restriction: || (== net10.0) (&& (== net6.0) (>= net472)) (&& (== net6.0) (>= net8.0)) (&& (== net7.0) (>= net472)) (&& (== net7.0) (>= net8.0)) (== net8.0) (== net9.0)
    System.IO.Pipelines (10.0.5)
      System.Buffers (>= 4.6.1) - restriction: || (&& (== net10.0) (>= net462)) (&& (== net10.0) (< net8.0)) (== net6.0) (== net7.0) (&& (== net8.0) (>= net462)) (&& (== net9.0) (>= net462)) (&& (== net9.0) (< net8.0))
      System.Memory (>= 4.6.3) - restriction: || (&& (== net10.0) (>= net462)) (&& (== net10.0) (< net8.0)) (== net6.0) (== net7.0) (&& (== net8.0) (>= net462)) (&& (== net9.0) (>= net462)) (&& (== net9.0) (< net8.0))
      System.Threading.Tasks.Extensions (>= 4.6.3) - restriction: || (&& (== net10.0) (>= net462)) (&& (== net10.0) (< net8.0)) (== net6.0) (== net7.0) (&& (== net8.0) (>= net462)) (&& (== net9.0) (>= net462)) (&& (== net9.0) (< net8.0))
    System.Memory (4.6.3)
    System.Memory.Data (10.0.5) - restriction: || (== net10.0) (&& (== net6.0) (>= net462)) (&& (== net6.0) (>= net8.0)) (&& (== net7.0) (>= net462)) (&& (== net7.0) (>= net8.0)) (== net8.0) (== net9.0)
      System.Text.Json (>= 10.0.5) - restriction: || (&& (== net10.0) (>= net462)) (&& (== net10.0) (< net8.0)) (&& (== net10.0) (< net9.0)) (== net6.0) (== net7.0) (== net8.0) (== net9.0)
    System.Reflection.Emit.Lightweight (4.7) - restriction: || (&& (== net10.0) (< net8.0)) (== net6.0) (== net7.0) (&& (== net9.0) (< net8.0))
    System.Reflection.Metadata (8.0) - restriction: || (== net10.0) (&& (== net6.0) (>= net8.0)) (&& (== net7.0) (>= net8.0)) (== net8.0) (== net9.0)
      System.Collections.Immutable (>= 8.0)
    System.Runtime.CompilerServices.Unsafe (6.1.2)
    System.Security.Cryptography.Cng (5.0) - restriction: || (&& (== net10.0) (< net8.0)) (&& (== net10.0) (< netstandard2.1)) (== net6.0) (== net7.0) (&& (== net8.0) (< netstandard2.1)) (&& (== net9.0) (< net8.0)) (&& (== net9.0) (< netstandard2.1))
      System.Formats.Asn1 (>= 5.0)
    System.Security.Cryptography.Pkcs (10.0.5)
      Microsoft.Bcl.Cryptography (>= 10.0.5) - restriction: || (&& (== net10.0) (>= net462)) (&& (== net10.0) (< net8.0)) (&& (== net10.0) (< net9.0)) (&& (== net10.0) (< netstandard2.1)) (== net6.0) (== net7.0) (== net8.0) (== net9.0)
      System.Formats.Asn1 (>= 10.0.5) - restriction: || (&& (== net10.0) (< net8.0)) (&& (== net10.0) (< net9.0)) (&& (== net10.0) (< netstandard2.1)) (== net6.0) (== net7.0) (== net8.0) (== net9.0)
      System.Runtime.CompilerServices.Unsafe (>= 6.1.2) - restriction: || (&& (== net10.0) (< net8.0)) (&& (== net10.0) (< netstandard2.1)) (== net6.0) (== net7.0) (&& (== net8.0) (< netstandard2.1)) (&& (== net9.0) (< net8.0)) (&& (== net9.0) (< netstandard2.1))
      System.Security.Cryptography.Cng (>= 5.0) - restriction: || (&& (== net10.0) (< net8.0)) (&& (== net10.0) (< netstandard2.1)) (== net6.0) (== net7.0) (&& (== net8.0) (< netstandard2.1)) (&& (== net9.0) (< net8.0)) (&& (== net9.0) (< netstandard2.1))
    System.Security.Cryptography.ProtectedData (10.0.5)
      System.Memory (>= 4.6.3) - restriction: || (&& (== net10.0) (< net8.0)) (== net6.0) (== net7.0) (&& (== net9.0) (< net8.0))
    System.Security.Permissions (8.0)
      System.Windows.Extensions (>= 8.0)
    System.Text.Encoding.CodePages (8.0)
      System.Runtime.CompilerServices.Unsafe (>= 6.0) - restriction: || (&& (== net10.0) (>= net462)) (&& (== net10.0) (< net6.0)) (&& (== net10.0) (< net7.0)) (== net6.0) (&& (== net7.0) (>= net462)) (&& (== net7.0) (< net6.0)) (&& (== net8.0) (>= net462)) (&& (== net8.0) (< net6.0)) (&& (== net8.0) (< net7.0)) (&& (== net9.0) (>= net462)) (&& (== net9.0) (< net6.0)) (&& (== net9.0) (< net7.0))
    System.Text.Encodings.Web (10.0.5) - restriction: || (&& (== net10.0) (>= net462)) (&& (== net10.0) (< net8.0)) (&& (== net10.0) (< net9.0)) (&& (== net10.0) (< netstandard2.1)) (== net6.0) (== net7.0) (== net8.0) (== net9.0)
    System.Text.Json (10.0.5) - restriction: || (&& (== net10.0) (>= net462)) (&& (== net10.0) (< net8.0)) (&& (== net10.0) (< net9.0)) (&& (== net10.0) (< netstandard2.1)) (== net6.0) (== net7.0) (== net8.0) (== net9.0)
      Microsoft.Bcl.AsyncInterfaces (>= 10.0.5) - restriction: || (&& (== net10.0) (>= net462)) (&& (== net10.0) (< net8.0)) (== net6.0) (== net7.0) (&& (== net8.0) (>= net462)) (&& (== net9.0) (>= net462)) (&& (== net9.0) (< net8.0))
      System.Buffers (>= 4.6.1) - restriction: || (&& (== net10.0) (>= net462)) (&& (== net10.0) (< net8.0)) (== net6.0) (== net7.0) (&& (== net8.0) (>= net462)) (&& (== net9.0) (>= net462)) (&& (== net9.0) (< net8.0))
      System.IO.Pipelines (>= 10.0.5) - restriction: || (&& (== net10.0) (>= net462)) (&& (== net10.0) (< net8.0)) (&& (== net10.0) (< net9.0)) (== net6.0) (== net7.0) (== net8.0) (== net9.0)
      System.Memory (>= 4.6.3) - restriction: || (&& (== net10.0) (>= net462)) (&& (== net10.0) (< net8.0)) (== net6.0) (== net7.0) (&& (== net8.0) (>= net462)) (&& (== net9.0) (>= net462)) (&& (== net9.0) (< net8.0))
      System.Runtime.CompilerServices.Unsafe (>= 6.1.2) - restriction: || (&& (== net10.0) (>= net462)) (&& (== net10.0) (< net8.0)) (== net6.0) (== net7.0) (&& (== net8.0) (>= net462)) (&& (== net9.0) (>= net462)) (&& (== net9.0) (< net8.0))
      System.Text.Encodings.Web (>= 10.0.5) - restriction: || (&& (== net10.0) (>= net462)) (&& (== net10.0) (< net8.0)) (&& (== net10.0) (< net9.0)) (== net6.0) (== net7.0) (== net8.0) (== net9.0)
      System.Threading.Tasks.Extensions (>= 4.6.3) - restriction: || (&& (== net10.0) (>= net462)) (&& (== net10.0) (< net8.0)) (== net6.0) (== net7.0) (&& (== net8.0) (>= net462)) (&& (== net9.0) (>= net462)) (&& (== net9.0) (< net8.0))
    System.Threading.Channels (10.0.5) - restriction: || (&& (== net10.0) (>= net462)) (&& (== net10.0) (< net8.0)) (== net6.0) (== net7.0) (&& (== net8.0) (>= net462)) (&& (== net9.0) (>= net462)) (&& (== net9.0) (< net8.0))
    System.Threading.Tasks.Extensions (4.6.3) - restriction: || (&& (== net10.0) (>= net462)) (&& (== net10.0) (< net8.0)) (&& (== net10.0) (< netstandard2.1)) (== net6.0) (== net7.0) (&& (== net8.0) (>= net462)) (&& (== net9.0) (>= net462)) (&& (== net9.0) (< net8.0))
    System.Windows.Extensions (8.0)

GROUP Build
STORAGE: NONE
RESTRICTION: == net8.0
NUGET
  remote: https://api.nuget.org/v3/index.json
    BlackFox.VsWhere (1.1)
      FSharp.Core (>= 4.2.3)
      Microsoft.Win32.Registry (>= 4.7)
    Fake.Core.CommandLineParsing (6.0)
      FParsec (>= 1.1.1)
      FSharp.Core (>= 6.0.3)
    Fake.Core.Context (6.0)
      FSharp.Core (>= 6.0.3)
    Fake.Core.Environment (6.0)
      FSharp.Core (>= 6.0.3)
    Fake.Core.FakeVar (6.0)
      Fake.Core.Context (>= 6.0)
      FSharp.Core (>= 6.0.3)
    Fake.Core.Process (6.0)
      Fake.Core.Environment (>= 6.0)
      Fake.Core.FakeVar (>= 6.0)
      Fake.Core.String (>= 6.0)
      Fake.Core.Trace (>= 6.0)
      Fake.IO.FileSystem (>= 6.0)
      FSharp.Core (>= 6.0.3)
      System.Collections.Immutable (>= 6.0)
    Fake.Core.SemVer (6.0)
      FSharp.Core (>= 6.0.3)
    Fake.Core.String (6.0)
      FSharp.Core (>= 6.0.3)
    Fake.Core.Target (6.0)
      Fake.Core.CommandLineParsing (>= 6.0)
      Fake.Core.Context (>= 6.0)
      Fake.Core.Environment (>= 6.0)
      Fake.Core.FakeVar (>= 6.0)
      Fake.Core.Process (>= 6.0)
      Fake.Core.String (>= 6.0)
      Fake.Core.Trace (>= 6.0)
      FSharp.Control.Reactive (>= 5.0.2)
      FSharp.Core (>= 6.0.3)
    Fake.Core.Tasks (6.0)
      Fake.Core.Trace (>= 6.0)
      FSharp.Core (>= 6.0.3)
    Fake.Core.Trace (6.0)
      Fake.Core.Environment (>= 6.0)
      Fake.Core.FakeVar (>= 6.0)
      FSharp.Core (>= 6.0.3)
    Fake.Core.Xml (6.0)
      Fake.Core.String (>= 6.0)
      FSharp.Core (>= 6.0.3)
    Fake.DotNet.Cli (6.0)
      Fake.Core.Environment (>= 6.0)
      Fake.Core.Process (>= 6.0)
      Fake.Core.String (>= 6.0)
      Fake.Core.Trace (>= 6.0)
      Fake.DotNet.MSBuild (>= 6.0)
      Fake.DotNet.NuGet (>= 6.0)
      Fake.IO.FileSystem (>= 6.0)
      FSharp.Core (>= 6.0.3)
      Mono.Posix.NETStandard (>= 1.0)
      Newtonsoft.Json (>= 13.0.1)
    Fake.DotNet.MSBuild (6.0)
      BlackFox.VsWhere (>= 1.1)
      Fake.Core.Environment (>= 6.0)
      Fake.Core.Process (>= 6.0)
      Fake.Core.String (>= 6.0)
      Fake.Core.Trace (>= 6.0)
      Fake.IO.FileSystem (>= 6.0)
      FSharp.Core (>= 6.0.3)
      MSBuild.StructuredLogger (>= 2.1.545)
    Fake.DotNet.NuGet (6.0)
      Fake.Core.Environment (>= 6.0)
      Fake.Core.Process (>= 6.0)
      Fake.Core.SemVer (>= 6.0)
      Fake.Core.String (>= 6.0)
      Fake.Core.Tasks (>= 6.0)
      Fake.Core.Trace (>= 6.0)
      Fake.Core.Xml (>= 6.0)
      Fake.IO.FileSystem (>= 6.0)
      Fake.Net.Http (>= 6.0)
      FSharp.Core (>= 6.0.3)
      Newtonsoft.Json (>= 13.0.1)
      NuGet.Protocol (>= 6.0)
    Fake.IO.FileSystem (6.0)
      Fake.Core.String (>= 6.0)
      Fake.Core.Trace (>= 6.0)
      FSharp.Core (>= 6.0.3)
    Fake.Net.Http (6.0)
      Fake.Core.Trace (>= 6.0)
      FSharp.Core (>= 6.0.3)
    FParsec (1.1.1)
      FSharp.Core (>= 4.3.4)
    FSharp.Control.Reactive (5.0.5)
      FSharp.Core (>= 4.7.2)
      System.Reactive (>= 5.0 < 6.0)
    FSharp.Core (8.0.200)
    Microsoft.Build.Framework (17.9.5)
    Microsoft.Build.Utilities.Core (17.9.5)
      Microsoft.Build.Framework (>= 17.9.5)
      Microsoft.NET.StringTools (>= 17.9.5)
      System.Collections.Immutable (>= 8.0)
      System.Configuration.ConfigurationManager (>= 8.0)
    Microsoft.NET.StringTools (17.9.5)
    Microsoft.Win32.Registry (5.0)
      System.Security.AccessControl (>= 5.0)
      System.Security.Principal.Windows (>= 5.0)
    Mono.Posix.NETStandard (1.0)
    MSBuild.StructuredLogger (2.2.206)
      Microsoft.Build.Framework (>= 17.5)
      Microsoft.Build.Utilities.Core (>= 17.5)
    Newtonsoft.Json (13.0.3)
    NuGet.Common (6.9.1)
      NuGet.Frameworks (>= 6.9.1)
    NuGet.Configuration (6.9.1)
      NuGet.Common (>= 6.9.1)
      System.Security.Cryptography.ProtectedData (>= 4.4)
    NuGet.Frameworks (6.9.1)
    NuGet.Packaging (6.9.1)
      Newtonsoft.Json (>= 13.0.3)
      NuGet.Configuration (>= 6.9.1)
      NuGet.Versioning (>= 6.9.1)
      System.Security.Cryptography.Pkcs (>= 6.0.4)
    NuGet.Protocol (6.9.1)
      NuGet.Packaging (>= 6.9.1)
    NuGet.Versioning (6.9.1)
    System.Collections.Immutable (8.0)
    System.Configuration.ConfigurationManager (8.0)
      System.Diagnostics.EventLog (>= 8.0)
      System.Security.Cryptography.ProtectedData (>= 8.0)
    System.Diagnostics.EventLog (8.0)
    System.Formats.Asn1 (8.0)
    System.Reactive (5.0)
    System.Security.AccessControl (6.0)
    System.Security.Cryptography.Pkcs (8.0)
      System.Formats.Asn1 (>= 8.0)
    System.Security.Cryptography.ProtectedData (8.0)
    System.Security.Principal.Windows (5.0)
